
Microsoft Visual Studio Solution File, Format Version 12.00
Project("{FAE04EC0-301F-11D3-BF4B-00C04F79EFBC}") = "ShellScriptor", "ShellScriptor.csproj", "{A03E265D-3F5F-4C2A-B777-6F5DB58CBBB0}"
EndProject
Global
	GlobalSection(SolutionConfigurationPlatforms) = preSolution
		Debug|Any CPU = Debug|Any CPU
		Release|Any CPU = Release|Any CPU
	EndGlobalSection
	GlobalSection(ProjectConfigurationPlatforms) = postSolution
		{A03E265D-3F5F-4C2A-B777-6F5DB58CBBB0}.Debug|Any CPU.ActiveCfg = Debug|Any CPU
		{A03E265D-3F5F-4C2A-B777-6F5DB58CBBB0}.Debug|Any CPU.Build.0 = Debug|Any CPU
		{A03E265D-3F5F-4C2A-B777-6F5DB58CBBB0}.Release|Any CPU.ActiveCfg = Release|Any CPU
		{A03E265D-3F5F-4C2A-B777-6F5DB58CBBB0}.Release|Any CPU.Build.0 = Release|Any CPU
	EndGlobalSection
EndGlobal
